
Microsoft Visual Studio Solution File, Format Version 12.00
# Visual Studio Version 17
VisualStudioVersion = 17.0.31903.59
MinimumVisualStudioVersion = 10.0.40219.1
Project("{2150E333-8FDC-42A3-9474-1A3956D46DE8}") = "tests", "tests", "{0AB3BF05-4346-4AA6-1389-037BE0695223}"
EndProject
Project("{FAE04EC0-301F-11D3-BF4B-00C04F79EFBC}") = "FiscalOS.API.Tests", "tests\FiscalOS.API.Tests\FiscalOS.API.Tests.csproj", "{1869E249-07F6-41CD-B143-AF86F022E4A6}"
EndProject
Project("{2150E333-8FDC-42A3-9474-1A3956D46DE8}") = "src", "src", "{827E0CD3-B72D-47B6-A68D-7590B98EB39B}"
EndProject
Project("{FAE04EC0-301F-11D3-BF4B-00C04F79EFBC}") = "FiscalOS.API", "src\FiscalOS.API\FiscalOS.API.csproj", "{85E0C8F3-AE69-4012-836C-759E9D297762}"
EndProject
Project("{FAE04EC0-301F-11D3-BF4B-00C04F79EFBC}") = "FiscalOS.AdminCLI", "src\FiscalOS.AdminCLI\FiscalOS.AdminCLI.csproj", "{C46818A0-1A92-4E4F-8390-48CBA9971745}"
EndProject
Project("{FAE04EC0-301F-11D3-BF4B-00C04F79EFBC}") = "FiscalOS.Core", "src\FiscalOS.Core\FiscalOS.Core.csproj", "{612496CD-1F25-4804-8C52-49E62D01FFDC}"
EndProject
Project("{FAE04EC0-301F-11D3-BF4B-00C04F79EFBC}") = "FiscalOS.Infra", "src\FiscalOS.Infra\FiscalOS.Infra.csproj", "{DAB42870-02A2-4ECB-B07F-6815C52D2435}"
EndProject
Project("{FAE04EC0-301F-11D3-BF4B-00C04F79EFBC}") = "FiscalOS.Infra.Tests", "tests\FiscalOS.Infra.Tests\FiscalOS.Infra.Tests.csproj", "{48E0737E-0200-468E-ADA7-75893935DBC0}"
EndProject
Project("{FAE04EC0-301F-11D3-BF4B-00C04F79EFBC}") = "FiscalOS.Core.Tests", "tests\FiscalOS.Core.Tests\FiscalOS.Core.Tests.csproj", "{2D9C02A9-C704-4275-88E9-1BBD3AC12700}"
EndProject
Project("{FAE04EC0-301F-11D3-BF4B-00C04F79EFBC}") = "FiscalOS.AppHost", "src\FiscalOS.AppHost\FiscalOS.AppHost.csproj", "{B7E4D089-C0EA-4DF2-B828-D5B0E5332098}"
EndProject
Project("{FAE04EC0-301F-11D3-BF4B-00C04F79EFBC}") = "FiscalOS.ServiceDefaults", "src\FiscalOS.ServiceDefaults\FiscalOS.ServiceDefaults.csproj", "{40804CFE-50CA-4C5B-864A-672C67C6A667}"
EndProject
Global
	GlobalSection(SolutionConfigurationPlatforms) = preSolution
		Debug|Any CPU = Debug|Any CPU
		Debug|x64 = Debug|x64
		Debug|x86 = Debug|x86
		Release|Any CPU = Release|Any CPU
		Release|x64 = Release|x64
		Release|x86 = Release|x86
	EndGlobalSection
	GlobalSection(ProjectConfigurationPlatforms) = postSolution
		{1869E249-07F6-41CD-B143-AF86F022E4A6}.Debug|Any CPU.ActiveCfg = Debug|Any CPU
		{1869E249-07F6-41CD-B143-AF86F022E4A6}.Debug|Any CPU.Build.0 = Debug|Any CPU
		{1869E249-07F6-41CD-B143-AF86F022E4A6}.Debug|x64.ActiveCfg = Debug|Any CPU
		{1869E249-07F6-41CD-B143-AF86F022E4A6}.Debug|x64.Build.0 = Debug|Any CPU
		{1869E249-07F6-41CD-B143-AF86F022E4A6}.Debug|x86.ActiveCfg = Debug|Any CPU
		{1869E249-07F6-41CD-B143-AF86F022E4A6}.Debug|x86.Build.0 = Debug|Any CPU
		{1869E249-07F6-41CD-B143-AF86F022E4A6}.Release|Any CPU.ActiveCfg = Release|Any CPU
		{1869E249-07F6-41CD-B143-AF86F022E4A6}.Release|Any CPU.Build.0 = Release|Any CPU
		{1869E249-07F6-41CD-B143-AF86F022E4A6}.Release|x64.ActiveCfg = Release|Any CPU
		{1869E249-07F6-41CD-B143-AF86F022E4A6}.Release|x64.Build.0 = Release|Any CPU
		{1869E249-07F6-41CD-B143-AF86F022E4A6}.Release|x86.ActiveCfg = Release|Any CPU
		{1869E249-07F6-41CD-B143-AF86F022E4A6}.Release|x86.Build.0 = Release|Any CPU
		{85E0C8F3-AE69-4012-836C-759E9D297762}.Debug|Any CPU.ActiveCfg = Debug|Any CPU
		{85E0C8F3-AE69-4012-836C-759E9D297762}.Debug|Any CPU.Build.0 = Debug|Any CPU
		{85E0C8F3-AE69-4012-836C-759E9D297762}.Debug|x64.ActiveCfg = Debug|Any CPU
		{85E0C8F3-AE69-4012-836C-759E9D297762}.Debug|x64.Build.0 = Debug|Any CPU
		{85E0C8F3-AE69-4012-836C-759E9D297762}.Debug|x86.ActiveCfg = Debug|Any CPU
		{85E0C8F3-AE69-4012-836C-759E9D297762}.Debug|x86.Build.0 = Debug|Any CPU
		{85E0C8F3-AE69-4012-836C-759E9D297762}.Release|Any CPU.ActiveCfg = Release|Any CPU
		{85E0C8F3-AE69-4012-836C-759E9D297762}.Release|Any CPU.Build.0 = Release|Any CPU
		{85E0C8F3-AE69-4012-836C-759E9D297762}.Release|x64.ActiveCfg = Release|Any CPU
		{85E0C8F3-AE69-4012-836C-759E9D297762}.Release|x64.Build.0 = Release|Any CPU
		{85E0C8F3-AE69-4012-836C-759E9D297762}.Release|x86.ActiveCfg = Release|Any CPU
		{85E0C8F3-AE69-4012-836C-759E9D297762}.Release|x86.Build.0 = Release|Any CPU
		{C46818A0-1A92-4E4F-8390-48CBA9971745}.Debug|Any CPU.ActiveCfg = Debug|Any CPU
		{C46818A0-1A92-4E4F-8390-48CBA9971745}.Debug|Any CPU.Build.0 = Debug|Any CPU
		{C46818A0-1A92-4E4F-8390-48CBA9971745}.Debug|x64.ActiveCfg = Debug|Any CPU
		{C46818A0-1A92-4E4F-8390-48CBA9971745}.Debug|x64.Build.0 = Debug|Any CPU
		{C46818A0-1A92-4E4F-8390-48CBA9971745}.Debug|x86.ActiveCfg = Debug|Any CPU
		{C46818A0-1A92-4E4F-8390-48CBA9971745}.Debug|x86.Build.0 = Debug|Any CPU
		{C46818A0-1A92-4E4F-8390-48CBA9971745}.Release|Any CPU.ActiveCfg = Release|Any CPU
		{C46818A0-1A92-4E4F-8390-48CBA9971745}.Release|Any CPU.Build.0 = Release|Any CPU
		{C46818A0-1A92-4E4F-8390-48CBA9971745}.Release|x64.ActiveCfg = Release|Any CPU
		{C46818A0-1A92-4E4F-8390-48CBA9971745}.Release|x64.Build.0 = Release|Any CPU
		{C46818A0-1A92-4E4F-8390-48CBA9971745}.Release|x86.ActiveCfg = Release|Any CPU
		{C46818A0-1A92-4E4F-8390-48CBA9971745}.Release|x86.Build.0 = Release|Any CPU
		{612496CD-1F25-4804-8C52-49E62D01FFDC}.Debug|Any CPU.ActiveCfg = Debug|Any CPU
		{612496CD-1F25-4804-8C52-49E62D01FFDC}.Debug|Any CPU.Build.0 = Debug|Any CPU
		{612496CD-1F25-4804-8C52-49E62D01FFDC}.Debug|x64.ActiveCfg = Debug|Any CPU
		{612496CD-1F25-4804-8C52-49E62D01FFDC}.Debug|x64.Build.0 = Debug|Any CPU
		{612496CD-1F25-4804-8C52-49E62D01FFDC}.Debug|x86.ActiveCfg = Debug|Any CPU
		{612496CD-1F25-4804-8C52-49E62D01FFDC}.Debug|x86.Build.0 = Debug|Any CPU
		{612496CD-1F25-4804-8C52-49E62D01FFDC}.Release|Any CPU.ActiveCfg = Release|Any CPU
		{612496CD-1F25-4804-8C52-49E62D01FFDC}.Release|Any CPU.Build.0 = Release|Any CPU
		{612496CD-1F25-4804-8C52-49E62D01FFDC}.Release|x64.ActiveCfg = Release|Any CPU
		{612496CD-1F25-4804-8C52-49E62D01FFDC}.Release|x64.Build.0 = Release|Any CPU
		{612496CD-1F25-4804-8C52-49E62D01FFDC}.Release|x86.ActiveCfg = Release|Any CPU
		{612496CD-1F25-4804-8C52-49E62D01FFDC}.Release|x86.Build.0 = Release|Any CPU
		{DAB42870-02A2-4ECB-B07F-6815C52D2435}.Debug|Any CPU.ActiveCfg = Debug|Any CPU
		{DAB42870-02A2-4ECB-B07F-6815C52D2435}.Debug|Any CPU.Build.0 = Debug|Any CPU
		{DAB42870-02A2-4ECB-B07F-6815C52D2435}.Debug|x64.ActiveCfg = Debug|Any CPU
		{DAB42870-02A2-4ECB-B07F-6815C52D2435}.Debug|x64.Build.0 = Debug|Any CPU
		{DAB42870-02A2-4ECB-B07F-6815C52D2435}.Debug|x86.ActiveCfg = Debug|Any CPU
		{DAB42870-02A2-4ECB-B07F-6815C52D2435}.Debug|x86.Build.0 = Debug|Any CPU
		{DAB42870-02A2-4ECB-B07F-6815C52D2435}.Release|Any CPU.ActiveCfg = Release|Any CPU
		{DAB42870-02A2-4ECB-B07F-6815C52D2435}.Release|Any CPU.Build.0 = Release|Any CPU
		{DAB42870-02A2-4ECB-B07F-6815C52D2435}.Release|x64.ActiveCfg = Release|Any CPU
		{DAB42870-02A2-4ECB-B07F-6815C52D2435}.Release|x64.Build.0 = Release|Any CPU
		{DAB42870-02A2-4ECB-B07F-6815C52D2435}.Release|x86.ActiveCfg = Release|Any CPU
		{DAB42870-02A2-4ECB-B07F-6815C52D2435}.Release|x86.Build.0 = Release|Any CPU
		{48E0737E-0200-468E-ADA7-75893935DBC0}.Debug|Any CPU.ActiveCfg = Debug|Any CPU
		{48E0737E-0200-468E-ADA7-75893935DBC0}.Debug|Any CPU.Build.0 = Debug|Any CPU
		{48E0737E-0200-468E-ADA7-75893935DBC0}.Debug|x64.ActiveCfg = Debug|Any CPU
		{48E0737E-0200-468E-ADA7-75893935DBC0}.Debug|x64.Build.0 = Debug|Any CPU
		{48E0737E-0200-468E-ADA7-75893935DBC0}.Debug|x86.ActiveCfg = Debug|Any CPU
		{48E0737E-0200-468E-ADA7-75893935DBC0}.Debug|x86.Build.0 = Debug|Any CPU
		{48E0737E-0200-468E-ADA7-75893935DBC0}.Release|Any CPU.ActiveCfg = Release|Any CPU
		{48E0737E-0200-468E-ADA7-75893935DBC0}.Release|Any CPU.Build.0 = Release|Any CPU
		{48E0737E-0200-468E-ADA7-75893935DBC0}.Release|x64.ActiveCfg = Release|Any CPU
		{48E0737E-0200-468E-ADA7-75893935DBC0}.Release|x64.Build.0 = Release|Any CPU
		{48E0737E-0200-468E-ADA7-75893935DBC0}.Release|x86.ActiveCfg = Release|Any CPU
		{48E0737E-0200-468E-ADA7-75893935DBC0}.Release|x86.Build.0 = Release|Any CPU
		{2D9C02A9-C704-4275-88E9-1BBD3AC12700}.Debug|Any CPU.ActiveCfg = Debug|Any CPU
		{2D9C02A9-C704-4275-88E9-1BBD3AC12700}.Debug|Any CPU.Build.0 = Debug|Any CPU
		{2D9C02A9-C704-4275-88E9-1BBD3AC12700}.Debug|x64.ActiveCfg = Debug|Any CPU
		{2D9C02A9-C704-4275-88E9-1BBD3AC12700}.Debug|x64.Build.0 = Debug|Any CPU
		{2D9C02A9-C704-4275-88E9-1BBD3AC12700}.Debug|x86.ActiveCfg = Debug|Any CPU
		{2D9C02A9-C704-4275-88E9-1BBD3AC12700}.Debug|x86.Build.0 = Debug|Any CPU
		{2D9C02A9-C704-4275-88E9-1BBD3AC12700}.Release|Any CPU.ActiveCfg = Release|Any CPU
		{2D9C02A9-C704-4275-88E9-1BBD3AC12700}.Release|Any CPU.Build.0 = Release|Any CPU
		{2D9C02A9-C704-4275-88E9-1BBD3AC12700}.Release|x64.ActiveCfg = Release|Any CPU
		{2D9C02A9-C704-4275-88E9-1BBD3AC12700}.Release|x64.Build.0 = Release|Any CPU
		{2D9C02A9-C704-4275-88E9-1BBD3AC12700}.Release|x86.ActiveCfg = Release|Any CPU
		{2D9C02A9-C704-4275-88E9-1BBD3AC12700}.Release|x86.Build.0 = Release|Any CPU
		{B7E4D089-C0EA-4DF2-B828-D5B0E5332098}.Debug|Any CPU.ActiveCfg = Debug|Any CPU
		{B7E4D089-C0EA-4DF2-B828-D5B0E5332098}.Debug|Any CPU.Build.0 = Debug|Any CPU
		{B7E4D089-C0EA-4DF2-B828-D5B0E5332098}.Debug|x64.ActiveCfg = Debug|Any CPU
		{B7E4D089-C0EA-4DF2-B828-D5B0E5332098}.Debug|x64.Build.0 = Debug|Any CPU
		{B7E4D089-C0EA-4DF2-B828-D5B0E5332098}.Debug|x86.ActiveCfg = Debug|Any CPU
		{B7E4D089-C0EA-4DF2-B828-D5B0E5332098}.Debug|x86.Build.0 = Debug|Any CPU
		{B7E4D089-C0EA-4DF2-B828-D5B0E5332098}.Release|Any CPU.ActiveCfg = Release|Any CPU
		{B7E4D089-C0EA-4DF2-B828-D5B0E5332098}.Release|Any CPU.Build.0 = Release|Any CPU
		{B7E4D089-C0EA-4DF2-B828-D5B0E5332098}.Release|x64.ActiveCfg = Release|Any CPU
		{B7E4D089-C0EA-4DF2-B828-D5B0E5332098}.Release|x64.Build.0 = Release|Any CPU
		{B7E4D089-C0EA-4DF2-B828-D5B0E5332098}.Release|x86.ActiveCfg = Release|Any CPU
		{B7E4D089-C0EA-4DF2-B828-D5B0E5332098}.Release|x86.Build.0 = Release|Any CPU
		{40804CFE-50CA-4C5B-864A-672C67C6A667}.Debug|Any CPU.ActiveCfg = Debug|Any CPU
		{40804CFE-50CA-4C5B-864A-672C67C6A667}.Debug|Any CPU.Build.0 = Debug|Any CPU
		{40804CFE-50CA-4C5B-864A-672C67C6A667}.Debug|x64.ActiveCfg = Debug|Any CPU
		{40804CFE-50CA-4C5B-864A-672C67C6A667}.Debug|x64.Build.0 = Debug|Any CPU
		{40804CFE-50CA-4C5B-864A-672C67C6A667}.Debug|x86.ActiveCfg = Debug|Any CPU
		{40804CFE-50CA-4C5B-864A-672C67C6A667}.Debug|x86.Build.0 = Debug|Any CPU
		{40804CFE-50CA-4C5B-864A-672C67C6A667}.Release|Any CPU.ActiveCfg = Release|Any CPU
		{40804CFE-50CA-4C5B-864A-672C67C6A667}.Release|Any CPU.Build.0 = Release|Any CPU
		{40804CFE-50CA-4C5B-864A-672C67C6A667}.Release|x64.ActiveCfg = Release|Any CPU
		{40804CFE-50CA-4C5B-864A-672C67C6A667}.Release|x64.Build.0 = Release|Any CPU
		{40804CFE-50CA-4C5B-864A-672C67C6A667}.Release|x86.ActiveCfg = Release|Any CPU
		{40804CFE-50CA-4C5B-864A-672C67C6A667}.Release|x86.Build.0 = Release|Any CPU
	EndGlobalSection
	GlobalSection(SolutionProperties) = preSolution
		HideSolutionNode = FALSE
	EndGlobalSection
	GlobalSection(NestedProjects) = preSolution
		{1869E249-07F6-41CD-B143-AF86F022E4A6} = {0AB3BF05-4346-4AA6-1389-037BE0695223}
		{85E0C8F3-AE69-4012-836C-759E9D297762} = {827E0CD3-B72D-47B6-A68D-7590B98EB39B}
		{C46818A0-1A92-4E4F-8390-48CBA9971745} = {827E0CD3-B72D-47B6-A68D-7590B98EB39B}
		{612496CD-1F25-4804-8C52-49E62D01FFDC} = {827E0CD3-B72D-47B6-A68D-7590B98EB39B}
		{DAB42870-02A2-4ECB-B07F-6815C52D2435} = {827E0CD3-B72D-47B6-A68D-7590B98EB39B}
		{48E0737E-0200-468E-ADA7-75893935DBC0} = {0AB3BF05-4346-4AA6-1389-037BE0695223}
		{2D9C02A9-C704-4275-88E9-1BBD3AC12700} = {0AB3BF05-4346-4AA6-1389-037BE0695223}
	EndGlobalSection
EndGlobal
